// !$*UTF8*$!
{
	archiveVersion = 1;
	classes = {
	};
	objectVersion = 46;
	objects = {

/* Begin PBXBuildFile section */
		81BFD8021B84C01F00BDC2CF /* cutPP.png in Resources */ = {isa = PBXBuildFile; fileRef = 81BFD8011B84C01F00BDC2CF /* cutPP.png */; };
		81BFD8041B84C16C00BDC2CF /* cutPP_s.png in Resources */ = {isa = PBXBuildFile; fileRef = 81BFD8031B84C16C00BDC2CF /* cutPP_s.png */; };
		81EF068B1B83358E007CE2B4 /* main.m in Sources */ = {isa = PBXBuildFile; fileRef = 81EF068A1B83358E007CE2B4 /* main.m */; };
		81EF068E1B83358E007CE2B4 /* AppDelegate.m in Sources */ = {isa = PBXBuildFile; fileRef = 81EF068D1B83358E007CE2B4 /* AppDelegate.m */; };
		81EF06911B83358E007CE2B4 /* ViewController.m in Sources */ = {isa = PBXBuildFile; fileRef = 81EF06901B83358E007CE2B4 /* ViewController.m */; };
		81EF06941B83358E007CE2B4 /* Main.storyboard in Resources */ = {isa = PBXBuildFile; fileRef = 81EF06921B83358E007CE2B4 /* Main.storyboard */; };
		81EF06961B83358E007CE2B4 /* Images.xcassets in Resources */ = {isa = PBXBuildFile; fileRef = 81EF06951B83358E007CE2B4 /* Images.xcassets */; };
		81EF06991B83358E007CE2B4 /* LaunchScreen.xib in Resources */ = {isa = PBXBuildFile; fileRef = 81EF06971B83358E007CE2B4 /* LaunchScreen.xib */; };
		81EF06A51B83358E007CE2B4 /* DrawingBoardTests.m in Sources */ = {isa = PBXBuildFile; fileRef = 81EF06A41B83358E007CE2B4 /* DrawingBoardTests.m */; };
		81EF06B01B8335FA007CE2B4 /* MainBoard.m in Sources */ = {isa = PBXBuildFile; fileRef = 81EF06AF1B8335FA007CE2B4 /* MainBoard.m */; };
		81EF06B31B83361A007CE2B4 /* ToolView.m in Sources */ = {isa = PBXBuildFile; fileRef = 81EF06B21B83361A007CE2B4 /* ToolView.m */; };
		81EF06B91B8336E4007CE2B4 /* PathModel.m in Sources */ = {isa = PBXBuildFile; fileRef = 81EF06B81B8336E4007CE2B4 /* PathModel.m */; };
		81EF06BF1B8341DD007CE2B4 /* MyButton.m in Sources */ = {isa = PBXBuildFile; fileRef = 81EF06BE1B8341DD007CE2B4 /* MyButton.m */; };
		81F6C9EA1B8566D20090A930 /* icon.png in Resources */ = {isa = PBXBuildFile; fileRef = 81F6C9E91B8566D20090A930 /* icon.png */; };
		81F6C9ED1B8592350090A930 /* kingPP.png in Resources */ = {isa = PBXBuildFile; fileRef = 81F6C9EC1B8592350090A930 /* kingPP.png */; };
		81F852131B84AAB0002504E0 /* pp.png in Resources */ = {isa = PBXBuildFile; fileRef = 81F852121B84AAB0002504E0 /* pp.png */; };
		81F852161B84ADA4002504E0 /* ImageUtill.m in Sources */ = {isa = PBXBuildFile; fileRef = 81F852151B84ADA4002504E0 /* ImageUtill.m */; };
/* End PBXBuildFile section */

/* Begin PBXContainerItemProxy section */
		81EF069F1B83358E007CE2B4 /* PBXContainerItemProxy */ = {
			isa = PBXContainerItemProxy;
			containerPortal = 81EF067D1B83358D007CE2B4 /* Project object */;
			proxyType = 1;
			remoteGlobalIDString = 81EF06841B83358E007CE2B4;
			remoteInfo = DrawingBoard;
		};
/* End PBXContainerItemProxy section */

/* Begin PBXFileReference section */
		81BFD8011B84C01F00BDC2CF /* cutPP.png */ = {isa = PBXFileReference; lastKnownFileType = image.png; path = cutPP.png; sourceTree = "<group>"; };
		81BFD8031B84C16C00BDC2CF /* cutPP_s.png */ = {isa = PBXFileReference; lastKnownFileType = image.png; path = cutPP_s.png; sourceTree = "<group>"; };
		81EF06851B83358E007CE2B4 /* DrawingBoard.app */ = {isa = PBXFileReference; explicitFileType = wrapper.application; includeInIndex = 0; path = DrawingBoard.app; sourceTree = BUILT_PRODUCTS_DIR; };
		81EF06891B83358E007CE2B4 /* Info.plist */ = {isa = PBXFileReference; lastKnownFileType = text.plist.xml; path = Info.plist; sourceTree = "<group>"; };
		81EF068A1B83358E007CE2B4 /* main.m */ = {isa = PBXFileReference; lastKnownFileType = sourcecode.c.objc; path = main.m; sourceTree = "<group>"; };
		81EF068C1B83358E007CE2B4 /* AppDelegate.h */ = {isa = PBXFileReference; lastKnownFileType = sourcecode.c.h; path = AppDelegate.h; sourceTree = "<group>"; };
		81EF068D1B83358E007CE2B4 /* AppDelegate.m */ = {isa = PBXFileReference; lastKnownFileType = sourcecode.c.objc; path = AppDelegate.m; sourceTree = "<group>"; };
		81EF068F1B83358E007CE2B4 /* ViewController.h */ = {isa = PBXFileReference; lastKnownFileType = sourcecode.c.h; path = ViewController.h; sourceTree = "<group>"; };
		81EF06901B83358E007CE2B4 /* ViewController.m */ = {isa = PBXFileReference; lastKnownFileType = sourcecode.c.objc; path = ViewController.m; sourceTree = "<group>"; };
		81EF06931B83358E007CE2B4 /* Base */ = {isa = PBXFileReference; lastKnownFileType = file.storyboard; name = Base; path = Base.lproj/Main.storyboard; sourceTree = "<group>"; };
		81EF06951B83358E007CE2B4 /* Images.xcassets */ = {isa = PBXFileReference; lastKnownFileType = folder.assetcatalog; path = Images.xcassets; sourceTree = "<group>"; };
		81EF06981B83358E007CE2B4 /* Base */ = {isa = PBXFileReference; lastKnownFileType = file.xib; name = Base; path = Base.lproj/LaunchScreen.xib; sourceTree = "<group>"; };
		81EF069E1B83358E007CE2B4 /* DrawingBoardTests.xctest */ = {isa = PBXFileReference; explicitFileType = wrapper.cfbundle; includeInIndex = 0; path = DrawingBoardTests.xctest; sourceTree = BUILT_PRODUCTS_DIR; };
		81EF06A31B83358E007CE2B4 /* Info.plist */ = {isa = PBXFileReference; lastKnownFileType = text.plist.xml; path = Info.plist; sourceTree = "<group>"; };
		81EF06A41B83358E007CE2B4 /* DrawingBoardTests.m */ = {isa = PBXFileReference; lastKnownFileType = sourcecode.c.objc; path = DrawingBoardTests.m; sourceTree = "<group>"; };
		81EF06AE1B8335FA007CE2B4 /* MainBoard.h */ = {isa = PBXFileReference; fileEncoding = 4; lastKnownFileType = sourcecode.c.h; path = MainBoard.h; sourceTree = "<group>"; };
		81EF06AF1B8335FA007CE2B4 /* MainBoard.m */ = {isa = PBXFileReference; fileEncoding = 4; lastKnownFileType = sourcecode.c.objc; path = MainBoard.m; sourceTree = "<group>"; };
		81EF06B11B83361A007CE2B4 /* ToolView.h */ = {isa = PBXFileReference; fileEncoding = 4; lastKnownFileType = sourcecode.c.h; path = ToolView.h; sourceTree = "<group>"; };
		81EF06B21B83361A007CE2B4 /* ToolView.m */ = {isa = PBXFileReference; fileEncoding = 4; lastKnownFileType = sourcecode.c.objc; path = ToolView.m; sourceTree = "<group>"; };
		81EF06B71B8336E4007CE2B4 /* PathModel.h */ = {isa = PBXFileReference; fileEncoding = 4; lastKnownFileType = sourcecode.c.h; path = PathModel.h; sourceTree = "<group>"; };
		81EF06B81B8336E4007CE2B4 /* PathModel.m */ = {isa = PBXFileReference; fileEncoding = 4; lastKnownFileType = sourcecode.c.objc; path = PathModel.m; sourceTree = "<group>"; };
		81EF06BD1B8341DD007CE2B4 /* MyButton.h */ = {isa = PBXFileReference; fileEncoding = 4; lastKnownFileType = sourcecode.c.h; path = MyButton.h; sourceTree = "<group>"; };
		81EF06BE1B8341DD007CE2B4 /* MyButton.m */ = {isa = PBXFileReference; fileEncoding = 4; lastKnownFileType = sourcecode.c.objc; path = MyButton.m; sourceTree = "<group>"; };
		81F6C9E91B8566D20090A930 /* icon.png */ = {isa = PBXFileReference; lastKnownFileType = image.png; path = icon.png; sourceTree = "<group>"; };
		81F6C9EC1B8592350090A930 /* kingPP.png */ = {isa = PBXFileReference; lastKnownFileType = image.png; path = kingPP.png; sourceTree = "<group>"; };
		81F852121B84AAB0002504E0 /* pp.png */ = {isa = PBXFileReference; lastKnownFileType = image.png; path = pp.png; sourceTree = "<group>"; };
		81F852141B84ADA4002504E0 /* ImageUtill.h */ = {isa = PBXFileReference; fileEncoding = 4; lastKnownFileType = sourcecode.c.h; path = ImageUtill.h; sourceTree = "<group>"; };
		81F852151B84ADA4002504E0 /* ImageUtill.m */ = {isa = PBXFileReference; fileEncoding = 4; lastKnownFileType = sourcecode.c.objc; path = ImageUtill.m; sourceTree = "<group>"; };
/* End PBXFileReference section */

/* Begin PBXFrameworksBuildPhase section */
		81EF06821B83358E007CE2B4 /* Frameworks */ = {
			isa = PBXFrameworksBuildPhase;
			buildActionMask = 2147483647;
			files = (
			);
			runOnlyForDeploymentPostprocessing = 0;
		};
		81EF069B1B83358E007CE2B4 /* Frameworks */ = {
			isa = PBXFrameworksBuildPhase;
			buildActionMask = 2147483647;
			files = (
			);
			runOnlyForDeploymentPostprocessing = 0;
		};
/* End PBXFrameworksBuildPhase section */

/* Begin PBXGroup section */
		81EF067C1B83358D007CE2B4 = {
			isa = PBXGroup;
			children = (
				81F6C9EB1B85912E0090A930 /* Images */,
				81EF06871B83358E007CE2B4 /* DrawingBoard */,
				81EF06A11B83358E007CE2B4 /* DrawingBoardTests */,
				81EF06861B83358E007CE2B4 /* Products */,
			);
			sourceTree = "<group>";
		};
		81EF06861B83358E007CE2B4 /* Products */ = {
			isa = PBXGroup;
			children = (
				81EF06851B83358E007CE2B4 /* DrawingBoard.app */,
				81EF069E1B83358E007CE2B4 /* DrawingBoardTests.xctest */,
			);
			name = Products;
			sourceTree = "<group>";
		};
		81EF06871B83358E007CE2B4 /* DrawingBoard */ = {
			isa = PBXGroup;
			children = (
				81EF068C1B83358E007CE2B4 /* AppDelegate.h */,
				81EF068D1B83358E007CE2B4 /* AppDelegate.m */,
				81EF06B61B8336AD007CE2B4 /* Controler */,
				81EF06B51B833687007CE2B4 /* View */,
				81EF06B41B833681007CE2B4 /* Model */,
				81EF06921B83358E007CE2B4 /* Main.storyboard */,
				81EF06951B83358E007CE2B4 /* Images.xcassets */,
				81EF06971B83358E007CE2B4 /* LaunchScreen.xib */,
				81EF06881B83358E007CE2B4 /* Supporting Files */,
			);
			path = DrawingBoard;
			sourceTree = "<group>";
		};
		81EF06881B83358E007CE2B4 /* Supporting Files */ = {
			isa = PBXGroup;
			children = (
				81EF06891B83358E007CE2B4 /* Info.plist */,
				81EF068A1B83358E007CE2B4 /* main.m */,
			);
			name = "Supporting Files";
			sourceTree = "<group>";
		};
		81EF06A11B83358E007CE2B4 /* DrawingBoardTests */ = {
			isa = PBXGroup;
			children = (
				81EF06A41B83358E007CE2B4 /* DrawingBoardTests.m */,
				81EF06A21B83358E007CE2B4 /* Supporting Files */,
			);
			path = DrawingBoardTests;
			sourceTree = "<group>";
		};
		81EF06A21B83358E007CE2B4 /* Supporting Files */ = {
			isa = PBXGroup;
			children = (
				81EF06A31B83358E007CE2B4 /* Info.plist */,
			);
			name = "Supporting Files";
			sourceTree = "<group>";
		};
		81EF06B41B833681007CE2B4 /* Model */ = {
			isa = PBXGroup;
			children = (
				81EF06B71B8336E4007CE2B4 /* PathModel.h */,
				81EF06B81B8336E4007CE2B4 /* PathModel.m */,
				81F852141B84ADA4002504E0 /* ImageUtill.h */,
				81F852151B84ADA4002504E0 /* ImageUtill.m */,
			);
			name = Model;
			sourceTree = "<group>";
		};
		81EF06B51B833687007CE2B4 /* View */ = {
			isa = PBXGroup;
			children = (
				81EF06AE1B8335FA007CE2B4 /* MainBoard.h */,
				81EF06AF1B8335FA007CE2B4 /* MainBoard.m */,
				81EF06B11B83361A007CE2B4 /* ToolView.h */,
				81EF06B21B83361A007CE2B4 /* ToolView.m */,
				81EF06BD1B8341DD007CE2B4 /* MyButton.h */,
				81EF06BE1B8341DD007CE2B4 /* MyButton.m */,
			);
			name = View;
			sourceTree = "<group>";
		};
		81EF06B61B8336AD007CE2B4 /* Controler */ = {
			isa = PBXGroup;
			children = (
				81EF068F1B83358E007CE2B4 /* ViewController.h */,
				81EF06901B83358E007CE2B4 /* ViewController.m */,
			);
			name = Controler;
			sourceTree = "<group>";
		};
		81F6C9EB1B85912E0090A930 /* Images */ = {
			isa = PBXGroup;
			children = (
				81BFD8011B84C01F00BDC2CF /* cutPP.png */,
				81F852121B84AAB0002504E0 /* pp.png */,
				81BFD8031B84C16C00BDC2CF /* cutPP_s.png */,
				81F6C9E91B8566D20090A930 /* icon.png */,
				81F6C9EC1B8592350090A930 /* kingPP.png */,
			);
			name = Images;
			sourceTree = "<group>";
		};
/* End PBXGroup section */

/* Begin PBXNativeTarget section */
		81EF06841B83358E007CE2B4 /* DrawingBoard */ = {
			isa = PBXNativeTarget;
			buildConfigurationList = 81EF06A81B83358E007CE2B4 /* Build configuration list for PBXNativeTarget "DrawingBoard" */;
			buildPhases = (
				81EF06811B83358E007CE2B4 /* Sources */,
				81EF06821B83358E007CE2B4 /* Frameworks */,
				81EF06831B83358E007CE2B4 /* Resources */,
			);
			buildRules = (
			);
			dependencies = (
			);
			name = DrawingBoard;
			productName = DrawingBoard;
			productReference = 81EF06851B83358E007CE2B4 /* DrawingBoard.app */;
			productType = "com.apple.product-type.application";
		};
		81EF069D1B83358E007CE2B4 /* DrawingBoardTests */ = {
			isa = PBXNativeTarget;
			buildConfigurationList = 81EF06AB1B83358E007CE2B4 /* Build configuration list for PBXNativeTarget "DrawingBoardTests" */;
			buildPhases = (
				81EF069A1B83358E007CE2B4 /* Sources */,
				81EF069B1B83358E007CE2B4 /* Frameworks */,
				81EF069C1B83358E007CE2B4 /* Resources */,
			);
			buildRules = (
			);
			dependencies = (
				81EF06A01B83358E007CE2B4 /* PBXTargetDependency */,
			);
			name = DrawingBoardTests;
			productName = DrawingBoardTests;
			productReference = 81EF069E1B83358E007CE2B4 /* DrawingBoardTests.xctest */;
			productType = "com.apple.product-type.bundle.unit-test";
		};
/* End PBXNativeTarget section */

/* Begin PBXProject section */
		81EF067D1B83358D007CE2B4 /* Project object */ = {
			isa = PBXProject;
			attributes = {
				LastUpgradeCheck = 0630;
				ORGANIZATIONNAME = "铁哥";
				TargetAttributes = {
					81EF06841B83358E007CE2B4 = {
						CreatedOnToolsVersion = 6.3.2;
						DevelopmentTeam = JF42L6X99K;
					};
					81EF069D1B83358E007CE2B4 = {
						CreatedOnToolsVersion = 6.3.2;
						TestTargetID = 81EF06841B83358E007CE2B4;
					};
				};
			};
			buildConfigurationList = 81EF06801B83358D007CE2B4 /* Build configuration list for PBXProject "DrawingBoard" */;
			compatibilityVersion = "Xcode 3.2";
			developmentRegion = English;
			hasScannedForEncodings = 0;
			knownRegions = (
				en,
				Base,
			);
			mainGroup = 81EF067C1B83358D007CE2B4;
			productRefGroup = 81EF06861B83358E007CE2B4 /* Products */;
			projectDirPath = "";
			projectRoot = "";
			targets = (
				81EF06841B83358E007CE2B4 /* DrawingBoard */,
				81EF069D1B83358E007CE2B4 /* DrawingBoardTests */,
			);
		};
/* End PBXProject section */

/* Begin PBXResourcesBuildPhase section */
		81EF06831B83358E007CE2B4 /* Resources */ = {
			isa = PBXResourcesBuildPhase;
			buildActionMask = 2147483647;
			files = (
				81BFD8021B84C01F00BDC2CF /* cutPP.png in Resources */,
				81F852131B84AAB0002504E0 /* pp.png in Resources */,
				81BFD8041B84C16C00BDC2CF /* cutPP_s.png in Resources */,
				81EF06941B83358E007CE2B4 /* Main.storyboard in Resources */,
				81EF06991B83358E007CE2B4 /* LaunchScreen.xib in Resources */,
				81EF06961B83358E007CE2B4 /* Images.xcassets in Resources */,
				81F6C9ED1B8592350090A930 /* kingPP.png in Resources */,
				81F6C9EA1B8566D20090A930 /* icon.png in Resources */,
			);
			runOnlyForDeploymentPostprocessing = 0;
		};
		81EF069C1B83358E007CE2B4 /* Resources */ = {
			isa = PBXResourcesBuildPhase;
			buildActionMask = 2147483647;
			files = (
			);
			runOnlyForDeploymentPostprocessing = 0;
		};
/* End PBXResourcesBuildPhase section */

/* Begin PBXSourcesBuildPhase section */
		81EF06811B83358E007CE2B4 /* Sources */ = {
			isa = PBXSourcesBuildPhase;
			buildActionMask = 2147483647;
			files = (
				81EF06911B83358E007CE2B4 /* ViewController.m in Sources */,
				81EF068E1B83358E007CE2B4 /* AppDelegate.m in Sources */,
				81EF06BF1B8341DD007CE2B4 /* MyButton.m in Sources */,
				81EF068B1B83358E007CE2B4 /* main.m in Sources */,
				81F852161B84ADA4002504E0 /* ImageUtill.m in Sources */,
				81EF06B31B83361A007CE2B4 /* ToolView.m in Sources */,
				81EF06B91B8336E4007CE2B4 /* PathModel.m in Sources */,
				81EF06B01B8335FA007CE2B4 /* MainBoard.m in Sources */,
			);
			runOnlyForDeploymentPostprocessing = 0;
		};
		81EF069A1B83358E007CE2B4 /* Sources */ = {
			isa = PBXSourcesBuildPhase;
			buildActionMask = 2147483647;
			files = (
				81EF06A51B83358E007CE2B4 /* DrawingBoardTests.m in Sources */,
			);
			runOnlyForDeploymentPostprocessing = 0;
		};
/* End PBXSourcesBuildPhase section */

/* Begin PBXTargetDependency section */
		81EF06A01B83358E007CE2B4 /* PBXTargetDependency */ = {
			isa = PBXTargetDependency;
			target = 81EF06841B83358E007CE2B4 /* DrawingBoard */;
			targetProxy = 81EF069F1B83358E007CE2B4 /* PBXContainerItemProxy */;
		};
/* End PBXTargetDependency section */

/* Begin PBXVariantGroup section */
		81EF06921B83358E007CE2B4 /* Main.storyboard */ = {
			isa = PBXVariantGroup;
			children = (
				81EF06931B83358E007CE2B4 /* Base */,
			);
			name = Main.storyboard;
			sourceTree = "<group>";
		};
		81EF06971B83358E007CE2B4 /* LaunchScreen.xib */ = {
			isa = PBXVariantGroup;
			children = (
				81EF06981B83358E007CE2B4 /* Base */,
			);
			name = LaunchScreen.xib;
			sourceTree = "<group>";
		};
/* End PBXVariantGroup section */

/* Begin XCBuildConfiguration section */
		81EF06A61B83358E007CE2B4 /* Debug */ = {
			isa = XCBuildConfiguration;
			buildSettings = {
				ALWAYS_SEARCH_USER_PATHS = NO;
				CLANG_CXX_LANGUAGE_STANDARD = "gnu++0x";
				CLANG_CXX_LIBRARY = "libc++";
				CLANG_ENABLE_MODULES = YES;
				CLANG_ENABLE_OBJC_ARC = YES;
				CLANG_WARN_BOOL_CONVERSION = YES;
				CLANG_WARN_CONSTANT_CONVERSION = YES;
				CLANG_WARN_DIRECT_OBJC_ISA_USAGE = YES_ERROR;
				CLANG_WARN_EMPTY_BODY = YES;
				CLANG_WARN_ENUM_CONVERSION = YES;
				CLANG_WARN_INT_CONVERSION = YES;
				CLANG_WARN_OBJC_ROOT_CLASS = YES_ERROR;
				CLANG_WARN_UNREACHABLE_CODE = YES;
				CLANG_WARN__DUPLICATE_METHOD_MATCH = YES;
				"CODE_SIGN_IDENTITY[sdk=iphoneos*]" = "iPhone Developer";
				COPY_PHASE_STRIP = NO;
				DEBUG_INFORMATION_FORMAT = "dwarf-with-dsym";
				ENABLE_STRICT_OBJC_MSGSEND = YES;
				GCC_C_LANGUAGE_STANDARD = gnu99;
				GCC_DYNAMIC_NO_PIC = NO;
				GCC_NO_COMMON_BLOCKS = YES;
				GCC_OPTIMIZATION_LEVEL = 0;
				GCC_PREPROCESSOR_DEFINITIONS = (
					"DEBUG=1",
					"$(inherited)",
				);
				GCC_SYMBOLS_PRIVATE_EXTERN = NO;
				GCC_WARN_64_TO_32_BIT_CONVERSION = YES;
				GCC_WARN_ABOUT_RETURN_TYPE = YES_ERROR;
				GCC_WARN_UNDECLARED_SELECTOR = YES;
				GCC_WARN_UNINITIALIZED_AUTOS = YES_AGGRESSIVE;
				GCC_WARN_UNUSED_FUNCTION = YES;
				GCC_WARN_UNUSED_VARIABLE = YES;
				IPHONEOS_DEPLOYMENT_TARGET = 8.3;
				MTL_ENABLE_DEBUG_INFO = YES;
				ONLY_ACTIVE_ARCH = YES;
				SDKROOT = iphoneos;
				TARGETED_DEVICE_FAMILY = "1,2";
			};
			name = Debug;
		};
		81EF06A71B83358E007CE2B4 /* Release */ = {
			isa = XCBuildConfiguration;
			buildSettings = {
				ALWAYS_SEARCH_USER_PATHS = NO;
				CLANG_CXX_LANGUAGE_STANDARD = "gnu++0x";
				CLANG_CXX_LIBRARY = "libc++";
				CLANG_ENABLE_MODULES = YES;
				CLANG_ENABLE_OBJC_ARC = YES;
				CLANG_WARN_BOOL_CONVERSION = YES;
				CLANG_WARN_CONSTANT_CONVERSION = YES;
				CLANG_WARN_DIRECT_OBJC_ISA_USAGE = YES_ERROR;
				CLANG_WARN_EMPTY_BODY = YES;
				CLANG_WARN_ENUM_CONVERSION = YES;
				CLANG_WARN_INT_CONVERSION = YES;
				CLANG_WARN_OBJC_ROOT_CLASS = YES_ERROR;
				CLANG_WARN_UNREACHABLE_CODE = YES;
				CLANG_WARN__DUPLICATE_METHOD_MATCH = YES;
				"CODE_SIGN_IDENTITY[sdk=iphoneos*]" = "iPhone Developer";
				COPY_PHASE_STRIP = NO;
				DEBUG_INFORMATION_FORMAT = "dwarf-with-dsym";
				ENABLE_NS_ASSERTIONS = NO;
				ENABLE_STRICT_OBJC_MSGSEND = YES;
				GCC_C_LANGUAGE_STANDARD = gnu99;
				GCC_NO_COMMON_BLOCKS = YES;
				GCC_WARN_64_TO_32_BIT_CONVERSION = YES;
				GCC_WARN_ABOUT_RETURN_TYPE = YES_ERROR;
				GCC_WARN_UNDECLARED_SELECTOR = YES;
				GCC_WARN_UNINITIALIZED_AUTOS = YES_AGGRESSIVE;
				GCC_WARN_UNUSED_FUNCTION = YES;
				GCC_WARN_UNUSED_VARIABLE = YES;
				IPHONEOS_DEPLOYMENT_TARGET = 8.3;
				MTL_ENABLE_DEBUG_INFO = NO;
				SDKROOT = iphoneos;
				TARGETED_DEVICE_FAMILY = "1,2";
				VALIDATE_PRODUCT = YES;
			};
			name = Release;
		};
		81EF06A91B83358E007CE2B4 /* Debug */ = {
			isa = XCBuildConfiguration;
			buildSettings = {
				ASSETCATALOG_COMPILER_APPICON_NAME = AppIcon;
				CODE_SIGN_IDENTITY = "iPhone Developer";
				"CODE_SIGN_IDENTITY[sdk=iphoneos*]" = "iPhone Developer";
				INFOPLIST_FILE = DrawingBoard/Info.plist;
				LD_RUNPATH_SEARCH_PATHS = "$(inherited) @executable_path/Frameworks";
				PRODUCT_BUNDLE_IDENTIFIER = class.DBoard;
				PRODUCT_NAME = "$(TARGET_NAME)";
				PROVISIONING_PROFILE = "";
			};
			name = Debug;
		};
		81EF06AA1B83358E007CE2B4 /* Release */ = {
			isa = XCBuildConfiguration;
			buildSettings = {
				ASSETCATALOG_COMPILER_APPICON_NAME = AppIcon;
				CODE_SIGN_IDENTITY = "iPhone Developer";
				"CODE_SIGN_IDENTITY[sdk=iphoneos*]" = "iPhone Developer";
				INFOPLIST_FILE = DrawingBoard/Info.plist;
				LD_RUNPATH_SEARCH_PATHS = "$(inherited) @executable_path/Frameworks";
				PRODUCT_BUNDLE_IDENTIFIER = class.DBoard;
				PRODUCT_NAME = "$(TARGET_NAME)";
				PROVISIONING_PROFILE = "";
			};
			name = Release;
		};
		81EF06AC1B83358E007CE2B4 /* Debug */ = {
			isa = XCBuildConfiguration;
			buildSettings = {
				BUNDLE_LOADER = "$(TEST_HOST)";
				FRAMEWORK_SEARCH_PATHS = (
					"$(SDKROOT)/Developer/Library/Frameworks",
					"$(inherited)",
				);
				GCC_PREPROCESSOR_DEFINITIONS = (
					"DEBUG=1",
					"$(inherited)",
				);
				INFOPLIST_FILE = DrawingBoardTests/Info.plist;
				LD_RUNPATH_SEARCH_PATHS = "$(inherited) @executable_path/Frameworks @loader_path/Frameworks";
				PRODUCT_NAME = "$(TARGET_NAME)";
				TEST_HOST = "$(BUILT_PRODUCTS_DIR)/DrawingBoard.app/DrawingBoard";
			};
			name = Debug;
		};
		81EF06AD1B83358E007CE2B4 /* Release */ = {
			isa = XCBuildConfiguration;
			buildSettings = {
				BUNDLE_LOADER = "$(TEST_HOST)";
				FRAMEWORK_SEARCH_PATHS = (
					"$(SDKROOT)/Developer/Library/Frameworks",
					"$(inherited)",
				);
				INFOPLIST_FILE = DrawingBoardTests/Info.plist;
				LD_RUNPATH_SEARCH_PATHS = "$(inherited) @executable_path/Frameworks @loader_path/Frameworks";
				PRODUCT_NAME = "$(TARGET_NAME)";
				TEST_HOST = "$(BUILT_PRODUCTS_DIR)/DrawingBoard.app/DrawingBoard";
			};
			name = Release;
		};
/* End XCBuildConfiguration section */

/* Begin XCConfigurationList section */
		81EF06801B83358D007CE2B4 /* Build configuration list for PBXProject "DrawingBoard" */ = {
			isa = XCConfigurationList;
			buildConfigurations = (
				81EF06A61B83358E007CE2B4 /* Debug */,
				81EF06A71B83358E007CE2B4 /* Release */,
			);
			defaultConfigurationIsVisible = 0;
			defaultConfigurationName = Release;
		};
		81EF06A81B83358E007CE2B4 /* Build configuration list for PBXNativeTarget "DrawingBoard" */ = {
			isa = XCConfigurationList;
			buildConfigurations = (
				81EF06A91B83358E007CE2B4 /* Debug */,
				81EF06AA1B83358E007CE2B4 /* Release */,
			);
			defaultConfigurationIsVisible = 0;
			defaultConfigurationName = Release;
		};
		81EF06AB1B83358E007CE2B4 /* Build configuration list for PBXNativeTarget "DrawingBoardTests" */ = {
			isa = XCConfigurationList;
			buildConfigurations = (
				81EF06AC1B83358E007CE2B4 /* Debug */,
				81EF06AD1B83358E007CE2B4 /* Release */,
			);
			defaultConfigurationIsVisible = 0;
			defaultConfigurationName = Release;
		};
/* End XCConfigurationList section */
	};
	rootObject = 81EF067D1B83358D007CE2B4 /* Project object */;
}
